
Microsoft Visual Studio Solution File, Format Version 12.00
# Visual Studio 15
VisualStudioVersion = 15.0.28307.1321
MinimumVisualStudioVersion = 10.0.40219.1
Project("{FAE04EC0-301F-11D3-BF4B-00C04F79EFBC}") = "NITA v2", "NITA v2\NITA v2.csproj", "{A1A22CFC-26C1-4411-A243-EC048175EF36}"
EndProject
Global
	GlobalSection(SolutionConfigurationPlatforms) = preSolution
		Debug|Any CPU = Debug|Any CPU
		Release|Any CPU = Release|Any CPU
	EndGlobalSection
	GlobalSection(ProjectConfigurationPlatforms) = postSolution
		{A1A22CFC-26C1-4411-A243-EC048175EF36}.Debug|Any CPU.ActiveCfg = Debug|Any CPU
		{A1A22CFC-26C1-4411-A243-EC048175EF36}.Debug|Any CPU.Build.0 = Debug|Any CPU
		{A1A22CFC-26C1-4411-A243-EC048175EF36}.Release|Any CPU.ActiveCfg = Release|Any CPU
		{A1A22CFC-26C1-4411-A243-EC048175EF36}.Release|Any CPU.Build.0 = Release|Any CPU
	EndGlobalSection
	GlobalSection(SolutionProperties) = preSolution
		HideSolutionNode = FALSE
	EndGlobalSection
	GlobalSection(ExtensibilityGlobals) = postSolution
		SolutionGuid = {DBDEF6D6-C7CB-488F-A5F3-61B704E28D0F}
	EndGlobalSection
EndGlobal
